<?xml version="1.0" encoding="utf-8"?>
<Project ToolsVersion="4.0" xmlns="http://schemas.microsoft.com/developer/msbuild/2003">
  <ItemGroup>
    <Filter Include="Source Files">
      <UniqueIdentifier>{4FC737F1-C7A5-4376-A066-2A32D752A2FF}</UniqueIdentifier>
      <Extensions>cpp;c;cc;cxx;def;odl;idl;hpj;bat;asm;asmx</Extensions>
    </Filter>
    <Filter Include="Header Files">
      <UniqueIdentifier>{93995380-89BD-4b04-88EB-625FBE52EBFB}</UniqueIdentifier>
      <Extensions>h;hpp;hxx;hm;inl;inc;xsd</Extensions>
    </Filter>
    <Filter Include="Resource Files">
      <UniqueIdentifier>{67DA6AB6-F800-4c08-8B7A-83BB121AAD01}</UniqueIdentifier>
      <Extensions>rc;ico;cur;bmp;dlg;rc2;rct;bin;rgs;gif;jpg;jpeg;jpe;resx;tiff;tif;png;wav;mfcribbon-ms</Extensions>
    </Filter>
    <Filter Include="Parameters">
      <UniqueIdentifier>{d7878d09-341a-4fa2-962a-443a8f5c1a40}</UniqueIdentifier>
    </Filter>
    <Filter Include="OperationExecuter">
      <UniqueIdentifier>{ea0c09af-6498-4bec-a660-c9d86d0aee2a}</UniqueIdentifier>
    </Filter>
  </ItemGroup>
  <ItemGroup>
    <None Include="ReadMe.txt" />
    <None Include="res\ConfigurationPlugin.rc2">
      <Filter>Resource Files</Filter>
    </None>
    <None Include="res\netelements.ico">
      <Filter>Resource Files</Filter>
    </None>
    <None Include="res\toolbar1.bmp">
      <Filter>Resource Files</Filter>
    </None>
    <None Include="res\configobject_hc.bmp">
      <Filter>Resource Files</Filter>
    </None>
    <None Include="res\configobject.bmp">
      <Filter>Resource Files</Filter>
    </None>
    <None Include="res\WaitAnimation.gif">
      <Filter>Resource Files</Filter>
    </None>
    <None Include="res\waiting.gif">
      <Filter>Resource Files</Filter>
    </None>
    <None Include="res\bitmap1.bmp">
      <Filter>Resource Files</Filter>
    </None>
    <None Include="res\operation.bmp">
      <Filter>Resource Files</Filter>
    </None>
  </ItemGroup>
  <ItemGroup>
    <ClCompile Include="dllmain.cpp">
      <Filter>Source Files</Filter>
    </ClCompile>
    <ClCompile Include="stdafx.cpp">
      <Filter>Source Files</Filter>
    </ClCompile>
    <ClCompile Include="SingleEquipmentConfigChildWnd.cpp">
      <Filter>Source Files</Filter>
    </ClCompile>
    <ClCompile Include="SingleEquipmentConfigDoc.cpp">
      <Filter>Source Files</Filter>
    </ClCompile>
    <ClCompile Include="SingleEquipmentConfigPlugin.cpp">
      <Filter>Source Files</Filter>
    </ClCompile>
    <ClCompile Include="SingleEquipmentConfigView.cpp">
      <Filter>Source Files</Filter>
    </ClCompile>
    <ClCompile Include="ConfigObjectTreeView.cpp">
      <Filter>Source Files</Filter>
    </ClCompile>
    <ClCompile Include="ConfigObjectGridCtrl.cpp">
      <Filter>Source Files</Filter>
    </ClCompile>
    <ClCompile Include="ConfigDocumentNameUtil.cpp">
      <Filter>Source Files</Filter>
    </ClCompile>
    <ClCompile Include="ConfigObjectViewModel.cpp">
      <Filter>Source Files</Filter>
    </ClCompile>
    <ClCompile Include="ConfigObjectTreeLoader.cpp">
      <Filter>Source Files</Filter>
    </ClCompile>
    <ClCompile Include="ConfigDocumentBase.cpp">
      <Filter>Source Files</Filter>
    </ClCompile>
    <ClCompile Include="WaitDialog.cpp">
      <Filter>Source Files</Filter>
    </ClCompile>
    <ClCompile Include="ConfigObjectOutPutView.cpp">
      <Filter>Source Files</Filter>
    </ClCompile>
    <ClCompile Include="ConfigObjectOperationTreeView.cpp">
      <Filter>Source Files</Filter>
    </ClCompile>
    <ClCompile Include="ControlLayoutHelper.cpp">
      <Filter>Source Files</Filter>
    </ClCompile>
    <ClCompile Include="OperationTreeLoader.cpp">
      <Filter>Source Files</Filter>
    </ClCompile>
    <ClCompile Include="OperationParameterDialog.cpp">
      <Filter>Source Files</Filter>
    </ClCompile>
    <ClCompile Include="OperationParameterGridItemFactory.cpp">
      <Filter>Source Files</Filter>
    </ClCompile>
    <ClCompile Include="OperationParameter.cpp">
      <Filter>Parameters</Filter>
    </ClCompile>
    <ClCompile Include="EnumOperationParameter.cpp">
      <Filter>Parameters</Filter>
    </ClCompile>
    <ClCompile Include="OperationParameterFactory.cpp">
      <Filter>Parameters</Filter>
    </ClCompile>
    <ClCompile Include="ConfigObjectOperationHandler.cpp">
      <Filter>OperationExecuter</Filter>
    </ClCompile>
    <ClCompile Include="AddIntanceOperationExecuter.cpp">
      <Filter>OperationExecuter</Filter>
    </ClCompile>
  </ItemGroup>
  <ItemGroup>
    <ClInclude Include="stdafx.h">
      <Filter>Header Files</Filter>
    </ClInclude>
    <ClInclude Include="targetver.h">
      <Filter>Header Files</Filter>
    </ClInclude>
    <ClInclude Include="Resource.h">
      <Filter>Header Files</Filter>
    </ClInclude>
    <ClInclude Include="SingleEquipmentConfigChildWnd.h">
      <Filter>Header Files</Filter>
    </ClInclude>
    <ClInclude Include="SingleEquipmentConfigDoc.h">
      <Filter>Header Files</Filter>
    </ClInclude>
    <ClInclude Include="SingleEquipmentConfigPlugin.h">
      <Filter>Header Files</Filter>
    </ClInclude>
    <ClInclude Include="ConfigurationPluginMessageDefine.h">
      <Filter>Header Files</Filter>
    </ClInclude>
    <ClInclude Include="SingleEquipmentConfigView.h">
      <Filter>Header Files</Filter>
    </ClInclude>
    <ClInclude Include="ConfigObjectTreeView.h">
      <Filter>Header Files</Filter>
    </ClInclude>
    <ClInclude Include="ConfigObjectGridCtrl.h">
      <Filter>Header Files</Filter>
    </ClInclude>
    <ClInclude Include="ConfigDocumentNameUtil.h">
      <Filter>Header Files</Filter>
    </ClInclude>
    <ClInclude Include="ConfigObjectViewModel.h">
      <Filter>Header Files</Filter>
    </ClInclude>
    <ClInclude Include="ConfigObjectTreeLoader.h">
      <Filter>Header Files</Filter>
    </ClInclude>
    <ClInclude Include="ConfigDocumentBase.h">
      <Filter>Header Files</Filter>
    </ClInclude>
    <ClInclude Include="WaitDialog.h">
      <Filter>Header Files</Filter>
    </ClInclude>
    <ClInclude Include="ConfigObjectOutPutView.h">
      <Filter>Header Files</Filter>
    </ClInclude>
    <ClInclude Include="ConfigObjectOperationTreeView.h">
      <Filter>Header Files</Filter>
    </ClInclude>
    <ClInclude Include="ControlLayoutHelper.h">
      <Filter>Header Files</Filter>
    </ClInclude>
    <ClInclude Include="OperationTreeLoader.h">
      <Filter>Header Files</Filter>
    </ClInclude>
    <ClInclude Include="OperationParameterDialog.h">
      <Filter>Header Files</Filter>
    </ClInclude>
    <ClInclude Include="OperationParameterGridItemFactory.h">
      <Filter>Header Files</Filter>
    </ClInclude>
    <ClInclude Include="OperationParameter.h">
      <Filter>Parameters</Filter>
    </ClInclude>
    <ClInclude Include="EnumOperationParameter.h">
      <Filter>Parameters</Filter>
    </ClInclude>
    <ClInclude Include="OperationParameterFactory.h">
      <Filter>Parameters</Filter>
    </ClInclude>
    <ClInclude Include="ConfigObjectOperationHandler.h">
      <Filter>OperationExecuter</Filter>
    </ClInclude>
    <ClInclude Include="AddIntanceOperationExecuter.h">
      <Filter>OperationExecuter</Filter>
    </ClInclude>
  </ItemGroup>
  <ItemGroup>
    <ResourceCompile Include="ConfigurationPlugin.rc">
      <Filter>Resource Files</Filter>
    </ResourceCompile>
  </ItemGroup>
</Project>